
Microsoft Visual Studio Solution File, Format Version 12.00
# Visual Studio Version 17
VisualStudioVersion = 17.0.31912.275
MinimumVisualStudioVersion = 10.0.40219.1
Project("{2150E333-8FDC-42A3-9474-1A3956D46DE8}") = "src", "src", "{80E81FCC-6358-48F6-AAD8-F1E97DA56C12}"
EndProject
Project("{2150E333-8FDC-42A3-9474-1A3956D46DE8}") = "tests", "tests", "{E52064C5-CA5E-495D-8F6B-14B834600BE7}"
EndProject
Project("{9A19103F-16F7-4668-BE54-9A1E7A4F7556}") = "HTM", "HTM\HTM.csproj", "{6E73C2FE-EAA4-4332-87DB-43F12CB349CE}"
EndProject
Project("{2150E333-8FDC-42A3-9474-1A3956D46DE8}") = "Devices", "Devices", "{55165129-AB9F-4430-9EB1-68D10FA5B9AF}"
EndProject
Project("{9A19103F-16F7-4668-BE54-9A1E7A4F7556}") = "HTM.Devices.Arduino", "HTM.Devices.Arduino\HTM.Devices.Arduino.csproj", "{31F85078-A7D0-42F1-83BB-F5C166DCF7A4}"
EndProject
Project("{9A19103F-16F7-4668-BE54-9A1E7A4F7556}") = "HTM.Core", "HTM.Core\HTM.Core.csproj", "{5EE2E1FA-6188-4351-8DD8-8365206A95E9}"
EndProject
Project("{9A19103F-16F7-4668-BE54-9A1E7A4F7556}") = "HTM.Infrastructure", "HTM.Infrastructure\HTM.Infrastructure.csproj", "{199367F1-80D0-472E-8C0F-685A893B48F1}"
EndProject
Project("{9A19103F-16F7-4668-BE54-9A1E7A4F7556}") = "HTM.Database", "HTM.Database\HTM.Database.csproj", "{E8DE0015-404D-452F-A4F5-695EA364F2D5}"
EndProject
Project("{FAE04EC0-301F-11D3-BF4B-00C04F79EFBC}") = "HTM.Communication", "HTM.Communication\HTM.Communication.csproj", "{E37CA3D1-98AD-4364-B45C-4BD2452773DB}"
EndProject
Project("{2150E333-8FDC-42A3-9474-1A3956D46DE8}") = "Presentation", "Presentation", "{AA9E69C7-2A0C-4381-BB25-3412038A0E0D}"
EndProject
Project("{FAE04EC0-301F-11D3-BF4B-00C04F79EFBC}") = "HTM.Web", "HTM.Web\HTM.Web.csproj", "{E6E5FD23-1619-49B8-8845-01830393794A}"
EndProject
Project("{FAE04EC0-301F-11D3-BF4B-00C04F79EFBC}") = "HTM.Web.Communication", "HTM.Web.Communication\HTM.Web.Communication.csproj", "{DD364499-8242-478C-8992-DEA39F8D237F}"
EndProject
Project("{FAE04EC0-301F-11D3-BF4B-00C04F79EFBC}") = "HTM.Core.Tests", "HTM.Core.Tests\HTM.Core.Tests.csproj", "{1158B7BD-A015-48CE-A85D-F24A953F24C6}"
EndProject
Global
	GlobalSection(SolutionConfigurationPlatforms) = preSolution
		Debug|Any CPU = Debug|Any CPU
		Release|Any CPU = Release|Any CPU
	EndGlobalSection
	GlobalSection(ProjectConfigurationPlatforms) = postSolution
		{6E73C2FE-EAA4-4332-87DB-43F12CB349CE}.Debug|Any CPU.ActiveCfg = Debug|Any CPU
		{6E73C2FE-EAA4-4332-87DB-43F12CB349CE}.Debug|Any CPU.Build.0 = Debug|Any CPU
		{6E73C2FE-EAA4-4332-87DB-43F12CB349CE}.Release|Any CPU.ActiveCfg = Release|Any CPU
		{6E73C2FE-EAA4-4332-87DB-43F12CB349CE}.Release|Any CPU.Build.0 = Release|Any CPU
		{31F85078-A7D0-42F1-83BB-F5C166DCF7A4}.Debug|Any CPU.ActiveCfg = Debug|Any CPU
		{31F85078-A7D0-42F1-83BB-F5C166DCF7A4}.Debug|Any CPU.Build.0 = Debug|Any CPU
		{31F85078-A7D0-42F1-83BB-F5C166DCF7A4}.Release|Any CPU.ActiveCfg = Release|Any CPU
		{31F85078-A7D0-42F1-83BB-F5C166DCF7A4}.Release|Any CPU.Build.0 = Release|Any CPU
		{5EE2E1FA-6188-4351-8DD8-8365206A95E9}.Debug|Any CPU.ActiveCfg = Debug|Any CPU
		{5EE2E1FA-6188-4351-8DD8-8365206A95E9}.Debug|Any CPU.Build.0 = Debug|Any CPU
		{5EE2E1FA-6188-4351-8DD8-8365206A95E9}.Release|Any CPU.ActiveCfg = Release|Any CPU
		{5EE2E1FA-6188-4351-8DD8-8365206A95E9}.Release|Any CPU.Build.0 = Release|Any CPU
		{199367F1-80D0-472E-8C0F-685A893B48F1}.Debug|Any CPU.ActiveCfg = Debug|Any CPU
		{199367F1-80D0-472E-8C0F-685A893B48F1}.Debug|Any CPU.Build.0 = Debug|Any CPU
		{199367F1-80D0-472E-8C0F-685A893B48F1}.Release|Any CPU.ActiveCfg = Release|Any CPU
		{199367F1-80D0-472E-8C0F-685A893B48F1}.Release|Any CPU.Build.0 = Release|Any CPU
		{E8DE0015-404D-452F-A4F5-695EA364F2D5}.Debug|Any CPU.ActiveCfg = Debug|Any CPU
		{E8DE0015-404D-452F-A4F5-695EA364F2D5}.Debug|Any CPU.Build.0 = Debug|Any CPU
		{E8DE0015-404D-452F-A4F5-695EA364F2D5}.Release|Any CPU.ActiveCfg = Release|Any CPU
		{E8DE0015-404D-452F-A4F5-695EA364F2D5}.Release|Any CPU.Build.0 = Release|Any CPU
		{E37CA3D1-98AD-4364-B45C-4BD2452773DB}.Debug|Any CPU.ActiveCfg = Debug|Any CPU
		{E37CA3D1-98AD-4364-B45C-4BD2452773DB}.Debug|Any CPU.Build.0 = Debug|Any CPU
		{E37CA3D1-98AD-4364-B45C-4BD2452773DB}.Release|Any CPU.ActiveCfg = Release|Any CPU
		{E37CA3D1-98AD-4364-B45C-4BD2452773DB}.Release|Any CPU.Build.0 = Release|Any CPU
		{E6E5FD23-1619-49B8-8845-01830393794A}.Debug|Any CPU.ActiveCfg = Debug|Any CPU
		{E6E5FD23-1619-49B8-8845-01830393794A}.Debug|Any CPU.Build.0 = Debug|Any CPU
		{E6E5FD23-1619-49B8-8845-01830393794A}.Release|Any CPU.ActiveCfg = Release|Any CPU
		{E6E5FD23-1619-49B8-8845-01830393794A}.Release|Any CPU.Build.0 = Release|Any CPU
		{DD364499-8242-478C-8992-DEA39F8D237F}.Debug|Any CPU.ActiveCfg = Debug|Any CPU
		{DD364499-8242-478C-8992-DEA39F8D237F}.Debug|Any CPU.Build.0 = Debug|Any CPU
		{DD364499-8242-478C-8992-DEA39F8D237F}.Release|Any CPU.ActiveCfg = Release|Any CPU
		{DD364499-8242-478C-8992-DEA39F8D237F}.Release|Any CPU.Build.0 = Release|Any CPU
		{1158B7BD-A015-48CE-A85D-F24A953F24C6}.Debug|Any CPU.ActiveCfg = Debug|Any CPU
		{1158B7BD-A015-48CE-A85D-F24A953F24C6}.Debug|Any CPU.Build.0 = Debug|Any CPU
		{1158B7BD-A015-48CE-A85D-F24A953F24C6}.Release|Any CPU.ActiveCfg = Release|Any CPU
		{1158B7BD-A015-48CE-A85D-F24A953F24C6}.Release|Any CPU.Build.0 = Release|Any CPU
	EndGlobalSection
	GlobalSection(SolutionProperties) = preSolution
		HideSolutionNode = FALSE
	EndGlobalSection
	GlobalSection(NestedProjects) = preSolution
		{6E73C2FE-EAA4-4332-87DB-43F12CB349CE} = {80E81FCC-6358-48F6-AAD8-F1E97DA56C12}
		{55165129-AB9F-4430-9EB1-68D10FA5B9AF} = {80E81FCC-6358-48F6-AAD8-F1E97DA56C12}
		{31F85078-A7D0-42F1-83BB-F5C166DCF7A4} = {55165129-AB9F-4430-9EB1-68D10FA5B9AF}
		{5EE2E1FA-6188-4351-8DD8-8365206A95E9} = {80E81FCC-6358-48F6-AAD8-F1E97DA56C12}
		{199367F1-80D0-472E-8C0F-685A893B48F1} = {80E81FCC-6358-48F6-AAD8-F1E97DA56C12}
		{E8DE0015-404D-452F-A4F5-695EA364F2D5} = {80E81FCC-6358-48F6-AAD8-F1E97DA56C12}
		{E37CA3D1-98AD-4364-B45C-4BD2452773DB} = {80E81FCC-6358-48F6-AAD8-F1E97DA56C12}
		{AA9E69C7-2A0C-4381-BB25-3412038A0E0D} = {80E81FCC-6358-48F6-AAD8-F1E97DA56C12}
		{E6E5FD23-1619-49B8-8845-01830393794A} = {AA9E69C7-2A0C-4381-BB25-3412038A0E0D}
		{DD364499-8242-478C-8992-DEA39F8D237F} = {AA9E69C7-2A0C-4381-BB25-3412038A0E0D}
		{1158B7BD-A015-48CE-A85D-F24A953F24C6} = {E52064C5-CA5E-495D-8F6B-14B834600BE7}
	EndGlobalSection
	GlobalSection(ExtensibilityGlobals) = postSolution
		SolutionGuid = {24E6F5D6-3779-4BEB-9870-4E15B856A700}
	EndGlobalSection
EndGlobal
