
Microsoft Visual Studio Solution File, Format Version 12.00
Project("{2150E333-8FDC-42A3-9474-1A3956D46DE8}") = "src", "src", "{80E81FCC-6358-48F6-AAD8-F1E97DA56C12}"
EndProject
Project("{2150E333-8FDC-42A3-9474-1A3956D46DE8}") = "tests", "tests", "{E52064C5-CA5E-495D-8F6B-14B834600BE7}"
EndProject
Project("{FAE04EC0-301F-11D3-BF4B-00C04F79EFBC}") = "HTM", "HTM\HTM.csproj", "{6E73C2FE-EAA4-4332-87DB-43F12CB349CE}"
EndProject
Project("{2150E333-8FDC-42A3-9474-1A3956D46DE8}") = "Devices", "Devices", "{55165129-AB9F-4430-9EB1-68D10FA5B9AF}"
EndProject
Project("{FAE04EC0-301F-11D3-BF4B-00C04F79EFBC}") = "HTM.Devices.Arduino", "HTM.Devices.Arduino\HTM.Devices.Arduino.csproj", "{31F85078-A7D0-42F1-83BB-F5C166DCF7A4}"
EndProject
Project("{FAE04EC0-301F-11D3-BF4B-00C04F79EFBC}") = "HTM.Core", "HTM.Core\HTM.Core.csproj", "{5EE2E1FA-6188-4351-8DD8-8365206A95E9}"
EndProject
Project("{FAE04EC0-301F-11D3-BF4B-00C04F79EFBC}") = "HTM.Infrastructure", "HTM.Infrastructure\HTM.Infrastructure.csproj", "{199367F1-80D0-472E-8C0F-685A893B48F1}"
EndProject
Project("{FAE04EC0-301F-11D3-BF4B-00C04F79EFBC}") = "HTM.Database", "HTM.Database\HTM.Database.csproj", "{E8DE0015-404D-452F-A4F5-695EA364F2D5}"
EndProject
Global
	GlobalSection(SolutionConfigurationPlatforms) = preSolution
		Debug|Any CPU = Debug|Any CPU
		Release|Any CPU = Release|Any CPU
	EndGlobalSection
	GlobalSection(NestedProjects) = preSolution
		{6E73C2FE-EAA4-4332-87DB-43F12CB349CE} = {80E81FCC-6358-48F6-AAD8-F1E97DA56C12}
		{55165129-AB9F-4430-9EB1-68D10FA5B9AF} = {80E81FCC-6358-48F6-AAD8-F1E97DA56C12}
		{31F85078-A7D0-42F1-83BB-F5C166DCF7A4} = {55165129-AB9F-4430-9EB1-68D10FA5B9AF}
		{5EE2E1FA-6188-4351-8DD8-8365206A95E9} = {80E81FCC-6358-48F6-AAD8-F1E97DA56C12}
		{199367F1-80D0-472E-8C0F-685A893B48F1} = {80E81FCC-6358-48F6-AAD8-F1E97DA56C12}
		{E8DE0015-404D-452F-A4F5-695EA364F2D5} = {80E81FCC-6358-48F6-AAD8-F1E97DA56C12}
	EndGlobalSection
	GlobalSection(ProjectConfigurationPlatforms) = postSolution
		{6E73C2FE-EAA4-4332-87DB-43F12CB349CE}.Debug|Any CPU.ActiveCfg = Debug|Any CPU
		{6E73C2FE-EAA4-4332-87DB-43F12CB349CE}.Debug|Any CPU.Build.0 = Debug|Any CPU
		{6E73C2FE-EAA4-4332-87DB-43F12CB349CE}.Release|Any CPU.ActiveCfg = Release|Any CPU
		{6E73C2FE-EAA4-4332-87DB-43F12CB349CE}.Release|Any CPU.Build.0 = Release|Any CPU
		{31F85078-A7D0-42F1-83BB-F5C166DCF7A4}.Debug|Any CPU.ActiveCfg = Debug|Any CPU
		{31F85078-A7D0-42F1-83BB-F5C166DCF7A4}.Debug|Any CPU.Build.0 = Debug|Any CPU
		{31F85078-A7D0-42F1-83BB-F5C166DCF7A4}.Release|Any CPU.ActiveCfg = Release|Any CPU
		{31F85078-A7D0-42F1-83BB-F5C166DCF7A4}.Release|Any CPU.Build.0 = Release|Any CPU
		{5EE2E1FA-6188-4351-8DD8-8365206A95E9}.Debug|Any CPU.ActiveCfg = Debug|Any CPU
		{5EE2E1FA-6188-4351-8DD8-8365206A95E9}.Debug|Any CPU.Build.0 = Debug|Any CPU
		{5EE2E1FA-6188-4351-8DD8-8365206A95E9}.Release|Any CPU.ActiveCfg = Release|Any CPU
		{5EE2E1FA-6188-4351-8DD8-8365206A95E9}.Release|Any CPU.Build.0 = Release|Any CPU
		{199367F1-80D0-472E-8C0F-685A893B48F1}.Debug|Any CPU.ActiveCfg = Debug|Any CPU
		{199367F1-80D0-472E-8C0F-685A893B48F1}.Debug|Any CPU.Build.0 = Debug|Any CPU
		{199367F1-80D0-472E-8C0F-685A893B48F1}.Release|Any CPU.ActiveCfg = Release|Any CPU
		{199367F1-80D0-472E-8C0F-685A893B48F1}.Release|Any CPU.Build.0 = Release|Any CPU
		{E8DE0015-404D-452F-A4F5-695EA364F2D5}.Debug|Any CPU.ActiveCfg = Debug|Any CPU
		{E8DE0015-404D-452F-A4F5-695EA364F2D5}.Debug|Any CPU.Build.0 = Debug|Any CPU
		{E8DE0015-404D-452F-A4F5-695EA364F2D5}.Release|Any CPU.ActiveCfg = Release|Any CPU
		{E8DE0015-404D-452F-A4F5-695EA364F2D5}.Release|Any CPU.Build.0 = Release|Any CPU
	EndGlobalSection
EndGlobal
